{
  "name": "hl-picture-backend-ddd",
  "lockfileVersion": 3,
  "requires": true,
  "packages": {
    "": {
      "dependencies": {
        "deepclone": "^1.0.2"
      }
    },
    "node_modules/deepclone": {
      "version": "1.0.2",
      "resolved": "https://registry.npmjs.org/deepclone/-/deepclone-1.0.2.tgz",
      "integrity": "sha512-qkPxF/vo0TBGDJYg9BI2V7nT4NdhFc7XIN/hZ840gkcGqT84l6dulLosaO15zkkDJRIGmTN2zdBzticBAD4aRA==",
      "license": "ISC"
    }
  }
}
